
Microsoft Visual Studio Solution File, Format Version 12.00
# Visual Studio 2012
Project("{FAE04EC0-301F-11D3-BF4B-00C04F79EFBC}") = "DAL", "MSSE680Williams\DAL.csproj", "{4A8B0FA5-ABC5-4FFC-BACA-2DB140E2FBCA}"
EndProject
Project("{FAE04EC0-301F-11D3-BF4B-00C04F79EFBC}") = "DALUnitTest", "DALUnitTest\DALUnitTest.csproj", "{924E3FE8-1676-4309-A95A-38129612AC71}"
EndProject
Project("{FAE04EC0-301F-11D3-BF4B-00C04F79EFBC}") = "Services", "Services\Services.csproj", "{8F07BC18-5A15-4915-84ED-5D325D25F0C7}"
EndProject
Project("{FAE04EC0-301F-11D3-BF4B-00C04F79EFBC}") = "ServicesUnitTest", "ServicesUnitTest\ServicesUnitTest.csproj", "{97001D2A-C175-40C1-9E36-A4BC024296AE}"
EndProject
Project("{FAE04EC0-301F-11D3-BF4B-00C04F79EFBC}") = "Business", "Business\Business.csproj", "{46105326-9092-45DD-AC12-9EC60CE692C6}"
EndProject
Project("{FAE04EC0-301F-11D3-BF4B-00C04F79EFBC}") = "BusinessUnitTest", "BusinessUnitTests\BusinessUnitTest.csproj", "{9215764C-81E4-42E1-9290-858898CEF5E7}"
EndProject
Global
	GlobalSection(SolutionConfigurationPlatforms) = preSolution
		Debug|Any CPU = Debug|Any CPU
		Release|Any CPU = Release|Any CPU
	EndGlobalSection
	GlobalSection(ProjectConfigurationPlatforms) = postSolution
		{4A8B0FA5-ABC5-4FFC-BACA-2DB140E2FBCA}.Debug|Any CPU.ActiveCfg = Debug|Any CPU
		{4A8B0FA5-ABC5-4FFC-BACA-2DB140E2FBCA}.Debug|Any CPU.Build.0 = Debug|Any CPU
		{4A8B0FA5-ABC5-4FFC-BACA-2DB140E2FBCA}.Release|Any CPU.ActiveCfg = Release|Any CPU
		{4A8B0FA5-ABC5-4FFC-BACA-2DB140E2FBCA}.Release|Any CPU.Build.0 = Release|Any CPU
		{924E3FE8-1676-4309-A95A-38129612AC71}.Debug|Any CPU.ActiveCfg = Debug|Any CPU
		{924E3FE8-1676-4309-A95A-38129612AC71}.Debug|Any CPU.Build.0 = Debug|Any CPU
		{924E3FE8-1676-4309-A95A-38129612AC71}.Release|Any CPU.ActiveCfg = Release|Any CPU
		{924E3FE8-1676-4309-A95A-38129612AC71}.Release|Any CPU.Build.0 = Release|Any CPU
		{8F07BC18-5A15-4915-84ED-5D325D25F0C7}.Debug|Any CPU.ActiveCfg = Debug|Any CPU
		{8F07BC18-5A15-4915-84ED-5D325D25F0C7}.Debug|Any CPU.Build.0 = Debug|Any CPU
		{8F07BC18-5A15-4915-84ED-5D325D25F0C7}.Release|Any CPU.ActiveCfg = Release|Any CPU
		{8F07BC18-5A15-4915-84ED-5D325D25F0C7}.Release|Any CPU.Build.0 = Release|Any CPU
		{97001D2A-C175-40C1-9E36-A4BC024296AE}.Debug|Any CPU.ActiveCfg = Debug|Any CPU
		{97001D2A-C175-40C1-9E36-A4BC024296AE}.Debug|Any CPU.Build.0 = Debug|Any CPU
		{97001D2A-C175-40C1-9E36-A4BC024296AE}.Release|Any CPU.ActiveCfg = Release|Any CPU
		{97001D2A-C175-40C1-9E36-A4BC024296AE}.Release|Any CPU.Build.0 = Release|Any CPU
		{46105326-9092-45DD-AC12-9EC60CE692C6}.Debug|Any CPU.ActiveCfg = Debug|Any CPU
		{46105326-9092-45DD-AC12-9EC60CE692C6}.Debug|Any CPU.Build.0 = Debug|Any CPU
		{46105326-9092-45DD-AC12-9EC60CE692C6}.Release|Any CPU.ActiveCfg = Release|Any CPU
		{46105326-9092-45DD-AC12-9EC60CE692C6}.Release|Any CPU.Build.0 = Release|Any CPU
		{9215764C-81E4-42E1-9290-858898CEF5E7}.Debug|Any CPU.ActiveCfg = Debug|Any CPU
		{9215764C-81E4-42E1-9290-858898CEF5E7}.Debug|Any CPU.Build.0 = Debug|Any CPU
		{9215764C-81E4-42E1-9290-858898CEF5E7}.Release|Any CPU.ActiveCfg = Release|Any CPU
		{9215764C-81E4-42E1-9290-858898CEF5E7}.Release|Any CPU.Build.0 = Release|Any CPU
	EndGlobalSection
	GlobalSection(SolutionProperties) = preSolution
		HideSolutionNode = FALSE
	EndGlobalSection
EndGlobal
